
Microsoft Visual Studio Solution File, Format Version 12.00
# Visual Studio Version 17
VisualStudioVersion = 17.10.35122.118
MinimumVisualStudioVersion = 10.0.40219.1
Project("{FAE04EC0-301F-11D3-BF4B-00C04F79EFBC}") = "EditForm", "EditForm\EditForm.csproj", "{148512DC-9528-4E1C-88FC-90B66B9F42BB}"
EndProject
Project("{FAE04EC0-301F-11D3-BF4B-00C04F79EFBC}") = "RazorClassLibrary", "RazorClassLibrary\RazorClassLibrary.csproj", "{BF4DDF90-84B6-48BB-BCC2-A15FC2E4BD70}"
EndProject
Global
	GlobalSection(SolutionConfigurationPlatforms) = preSolution
		Debug|Any CPU = Debug|Any CPU
		Release|Any CPU = Release|Any CPU
	EndGlobalSection
	GlobalSection(ProjectConfigurationPlatforms) = postSolution
		{148512DC-9528-4E1C-88FC-90B66B9F42BB}.Debug|Any CPU.ActiveCfg = Debug|Any CPU
		{148512DC-9528-4E1C-88FC-90B66B9F42BB}.Debug|Any CPU.Build.0 = Debug|Any CPU
		{148512DC-9528-4E1C-88FC-90B66B9F42BB}.Release|Any CPU.ActiveCfg = Release|Any CPU
		{148512DC-9528-4E1C-88FC-90B66B9F42BB}.Release|Any CPU.Build.0 = Release|Any CPU
		{BF4DDF90-84B6-48BB-BCC2-A15FC2E4BD70}.Debug|Any CPU.ActiveCfg = Debug|Any CPU
		{BF4DDF90-84B6-48BB-BCC2-A15FC2E4BD70}.Debug|Any CPU.Build.0 = Debug|Any CPU
		{BF4DDF90-84B6-48BB-BCC2-A15FC2E4BD70}.Release|Any CPU.ActiveCfg = Release|Any CPU
		{BF4DDF90-84B6-48BB-BCC2-A15FC2E4BD70}.Release|Any CPU.Build.0 = Release|Any CPU
	EndGlobalSection
	GlobalSection(SolutionProperties) = preSolution
		HideSolutionNode = FALSE
	EndGlobalSection
	GlobalSection(ExtensibilityGlobals) = postSolution
		SolutionGuid = {A514D688-182A-4A0F-A538-E07059064A4C}
	EndGlobalSection
EndGlobal
